// !$*UTF8*$!
{archiveVersion = 1; classes = {}; objectVersion = 56; objects = {
000000000000000000000064 = {isa = PBXFileReference; lastKnownFileType = sourcecode.swift; path = BridgeFrame.swift; sourceTree = "<group>"; };
0000000000000000000000C8 = {isa = PBXBuildFile; fileRef = 000000000000000000000064; };
000000000000000000000065 = {isa = PBXFileReference; lastKnownFileType = sourcecode.swift; path = BridgeNetwork.swift; sourceTree = "<group>"; };
0000000000000000000000C9 = {isa = PBXBuildFile; fileRef = 000000000000000000000065; };
000000000000000000000066 = {isa = PBXFileReference; lastKnownFileType = sourcecode.swift; path = SendImageIntent.swift; sourceTree = "<group>"; };
0000000000000000000000CA = {isa = PBXBuildFile; fileRef = 000000000000000000000066; };
000000000000000000000067 = {isa = PBXFileReference; lastKnownFileType = sourcecode.swift; path = ImageBridgeApp.swift; sourceTree = "<group>"; };
0000000000000000000000CB = {isa = PBXBuildFile; fileRef = 000000000000000000000067; };
000000000000000000000068 = {isa = PBXFileReference; lastKnownFileType = sourcecode.swift; path = SendMessageIntent.swift; sourceTree = "<group>"; };
0000000000000000000000CC = {isa = PBXBuildFile; fileRef = 000000000000000000000068; };
000000000000000000000001 = {isa = PBXProject; attributes = {LastUpgradeCheck = 2700; TargetAttributes = {000000000000000000000002 = {DevelopmentTeam = DH255M46VJ; ProvisioningStyle = Automatic; }; }; }; buildConfigurationList = 00000000000000000000000A; compatibilityVersion = "Xcode 14.0"; developmentRegion = en; knownRegions = (en, Base); mainGroup = 000000000000000000000003; productRefGroup = 000000000000000000000005; projectDirPath = ""; projectRoot = ""; targets = (000000000000000000000002); };
000000000000000000000002 = {isa = PBXNativeTarget; buildConfigurationList = 00000000000000000000000B; buildPhases = (000000000000000000000006, 000000000000000000000007, 000000000000000000000008); buildRules = (); dependencies = (); name = ImageBridge; productName = ImageBridge; productReference = 000000000000000000000009; productType = "com.apple.product-type.application"; };
000000000000000000000003 = {isa = PBXGroup; children = (000000000000000000000004, 000000000000000000000005); sourceTree = "<group>"; };
000000000000000000000004 = {isa = PBXGroup; children = (000000000000000000000064,000000000000000000000065,000000000000000000000066,000000000000000000000067,000000000000000000000068); path = ImageBridge; sourceTree = "<group>"; };
000000000000000000000005 = {isa = PBXGroup; children = (000000000000000000000009); name = Products; sourceTree = "<group>"; };
000000000000000000000006 = {isa = PBXSourcesBuildPhase; buildActionMask = 2147483647; files = (0000000000000000000000C8,0000000000000000000000C9,0000000000000000000000CA,0000000000000000000000CB,0000000000000000000000CC); runOnlyForDeploymentPostprocessing = 0; };
000000000000000000000007 = {isa = PBXFrameworksBuildPhase; buildActionMask = 2147483647; files = (); runOnlyForDeploymentPostprocessing = 0; };
000000000000000000000008 = {isa = PBXResourcesBuildPhase; buildActionMask = 2147483647; files = (); runOnlyForDeploymentPostprocessing = 0; };
000000000000000000000009 = {isa = PBXFileReference; explicitFileType = wrapper.application; includeInIndex = 0; path = ImageBridge.app; sourceTree = BUILT_PRODUCTS_DIR; };
00000000000000000000000A = {isa = XCConfigurationList; buildConfigurations = (000000000000000000000014, 000000000000000000000015); defaultConfigurationIsVisible = 0; defaultConfigurationName = Release; };
00000000000000000000000B = {isa = XCConfigurationList; buildConfigurations = (000000000000000000000016, 000000000000000000000017); defaultConfigurationIsVisible = 0; defaultConfigurationName = Release; };
000000000000000000000014 = {isa = XCBuildConfiguration; buildSettings = {CLANG_ENABLE_MODULES = YES; SDKROOT = iphoneos; IPHONEOS_DEPLOYMENT_TARGET = 27.0; SWIFT_VERSION = 5.0; SWIFT_OPTIMIZATION_LEVEL = "-Onone"; }; name = Debug; };
000000000000000000000015 = {isa = XCBuildConfiguration; buildSettings = {CLANG_ENABLE_MODULES = YES; SDKROOT = iphoneos; IPHONEOS_DEPLOYMENT_TARGET = 27.0; SWIFT_VERSION = 5.0; SWIFT_OPTIMIZATION_LEVEL = "-O"; }; name = Release; };
000000000000000000000016 = {isa = XCBuildConfiguration; buildSettings = {CODE_SIGN_STYLE = Automatic; DEVELOPMENT_TEAM = DH255M46VJ; INFOPLIST_FILE = ImageBridge/Info.plist; PRODUCT_BUNDLE_IDENTIFIER = com.rain.ImageBridge; PRODUCT_NAME = "$(TARGET_NAME)"; TARGETED_DEVICE_FAMILY = "1,2"; GENERATE_INFOPLIST_FILE = NO; SWIFT_EMIT_LOC_STRINGS = YES; }; name = Debug; };
000000000000000000000017 = {isa = XCBuildConfiguration; buildSettings = {CODE_SIGN_STYLE = Automatic; DEVELOPMENT_TEAM = DH255M46VJ; INFOPLIST_FILE = ImageBridge/Info.plist; PRODUCT_BUNDLE_IDENTIFIER = com.rain.ImageBridge; PRODUCT_NAME = "$(TARGET_NAME)"; TARGETED_DEVICE_FAMILY = "1,2"; GENERATE_INFOPLIST_FILE = NO; SWIFT_EMIT_LOC_STRINGS = YES; }; name = Release; };
}; rootObject = 000000000000000000000001; }
